<?xml version="1.0" encoding="utf-8"?>
<Project ToolsVersion="4.0" xmlns="http://schemas.microsoft.com/developer/msbuild/2003">
  <ItemGroup>
    <ClCompile Include="main.cpp" />
    <ClCompile Include="src\engine\GameEngine.cpp" />
    <ClCompile Include="src\manager\StateManager.cpp" />
    <ClCompile Include="src\manager\InputManager.cpp" />
    <ClCompile Include="src\utils\ISingleton.cpp" />
  </ItemGroup>
  <ItemGroup>
    <ClInclude Include="include\manager\StateManager.h" />
    <ClInclude Include="include\models\GameObject.h" />
    <ClInclude Include="include\engine\GameEngine.h" />
    <ClInclude Include="include\utils\Sling.h" />
    <ClInclude Include="include\models\State.h" />
    <ClInclude Include="include\utils\Vector2.h" />
    <ClInclude Include="include\manager\InputManager.h" />
    <ClInclude Include="include\utils\ISingleton.h" />
  </ItemGroup>
</Project>