
Microsoft Visual Studio Solution File, Format Version 12.00
# Visual Studio Version 17
VisualStudioVersion = 17.4.33213.308
MinimumVisualStudioVersion = 10.0.40219.1
Project("{8BC9CEB8-8B4A-11D0-8D11-00A0C91BC942}") = "MarioLike", "MarioLike.vcxproj", "{2577DDB1-FD8E-4430-AD8D-D8CBFC3A99B0}"
EndProject
Project("{2150E333-8FDC-42A3-9474-1A3956D46DE8}") = "Éléments de solution", "Éléments de solution", "{CC435C01-2167-4532-90B4-FF8DADDD830F}"
EndProject
Global
	GlobalSection(SolutionConfigurationPlatforms) = preSolution
		Debug|x64 = Debug|x64
		Debug|x86 = Debug|x86
		Release|x64 = Release|x64
		Release|x86 = Release|x86
	EndGlobalSection
	GlobalSection(ProjectConfigurationPlatforms) = postSolution
		{2577DDB1-FD8E-4430-AD8D-D8CBFC3A99B0}.Debug|x64.ActiveCfg = Debug|x64
		{2577DDB1-FD8E-4430-AD8D-D8CBFC3A99B0}.Debug|x64.Build.0 = Debug|x64
		{2577DDB1-FD8E-4430-AD8D-D8CBFC3A99B0}.Debug|x86.ActiveCfg = Debug|Win32
		{2577DDB1-FD8E-4430-AD8D-D8CBFC3A99B0}.Debug|x86.Build.0 = Debug|Win32
		{2577DDB1-FD8E-4430-AD8D-D8CBFC3A99B0}.Release|x64.ActiveCfg = Release|x64
		{2577DDB1-FD8E-4430-AD8D-D8CBFC3A99B0}.Release|x64.Build.0 = Release|x64
		{2577DDB1-FD8E-4430-AD8D-D8CBFC3A99B0}.Release|x86.ActiveCfg = Release|Win32
		{2577DDB1-FD8E-4430-AD8D-D8CBFC3A99B0}.Release|x86.Build.0 = Release|Win32
	EndGlobalSection
	GlobalSection(SolutionProperties) = preSolution
		HideSolutionNode = FALSE
	EndGlobalSection
	GlobalSection(ExtensibilityGlobals) = postSolution
		SolutionGuid = {4DF7CEBE-0DA6-45ED-9E20-7C72D569AD93}
	EndGlobalSection
EndGlobal
